
Microsoft Visual Studio Solution File, Format Version 12.00
# Visual Studio Version 16
VisualStudioVersion = 16.0.31702.278
MinimumVisualStudioVersion = 10.0.40219.1
Project("{9A19103F-16F7-4668-BE54-9A1E7A4F7556}") = "CodeMazeNET.Serialization.Xml", "CodeMazeNET.Serialization.Xml\CodeMazeNET.Serialization.Xml.csproj", "{67467871-7C3C-4162-9AC2-36836C4643D7}"
EndProject
Global
	GlobalSection(SolutionConfigurationPlatforms) = preSolution
		Debug|Any CPU = Debug|Any CPU
		Release|Any CPU = Release|Any CPU
	EndGlobalSection
	GlobalSection(ProjectConfigurationPlatforms) = postSolution
		{67467871-7C3C-4162-9AC2-36836C4643D7}.Debug|Any CPU.ActiveCfg = Debug|Any CPU
		{67467871-7C3C-4162-9AC2-36836C4643D7}.Debug|Any CPU.Build.0 = Debug|Any CPU
		{67467871-7C3C-4162-9AC2-36836C4643D7}.Release|Any CPU.ActiveCfg = Release|Any CPU
		{67467871-7C3C-4162-9AC2-36836C4643D7}.Release|Any CPU.Build.0 = Release|Any CPU
	EndGlobalSection
	GlobalSection(SolutionProperties) = preSolution
		HideSolutionNode = FALSE
	EndGlobalSection
	GlobalSection(ExtensibilityGlobals) = postSolution
		SolutionGuid = {4809C5B5-35E1-426D-8046-D33D4372B4F5}
	EndGlobalSection
EndGlobal
